<?xml version="1.0" encoding="utf-8"?>
<Project ToolsVersion="4.0" xmlns="http://schemas.microsoft.com/developer/msbuild/2003">
  <ItemGroup>
    <ClCompile Include="Source\ECS\Components\FollowComponent.cpp" />
    <ClCompile Include="External\Lua\lapi.c" />
    <ClCompile Include="External\Lua\lauxlib.c" />
    <ClCompile Include="External\Lua\lbaselib.c" />
    <ClCompile Include="External\Lua\lcode.c" />
    <ClCompile Include="External\Lua\lcorolib.c" />
    <ClCompile Include="External\Lua\lctype.c" />
    <ClCompile Include="External\Lua\ldblib.c" />
    <ClCompile Include="External\Lua\ldebug.c" />
    <ClCompile Include="External\Lua\ldo.c" />
    <ClCompile Include="External\Lua\ldump.c" />
    <ClCompile Include="External\Lua\lfunc.c" />
    <ClCompile Include="External\Lua\lgc.c" />
    <ClCompile Include="External\Lua\linit.c" />
    <ClCompile Include="External\Lua\liolib.c" />
    <ClCompile Include="External\Lua\llex.c" />
    <ClCompile Include="External\Lua\lmathlib.c" />
    <ClCompile Include="External\Lua\lmem.c" />
    <ClCompile Include="External\Lua\loadlib.c" />
    <ClCompile Include="External\Lua\lobject.c" />
    <ClCompile Include="External\Lua\lopcodes.c" />
    <ClCompile Include="External\Lua\loslib.c" />
    <ClCompile Include="External\Lua\lparser.c" />
    <ClCompile Include="External\Lua\lstate.c" />
    <ClCompile Include="External\Lua\lstring.c" />
    <ClCompile Include="External\Lua\lstrlib.c" />
    <ClCompile Include="External\Lua\ltable.c" />
    <ClCompile Include="External\Lua\ltablib.c" />
    <ClCompile Include="External\Lua\ltm.c" />
    <ClCompile Include="External\Lua\lua.c" />
    <ClCompile Include="External\Lua\lundump.c" />
    <ClCompile Include="External\Lua\lutf8lib.c" />
    <ClCompile Include="External\Lua\lvm.c" />
    <ClCompile Include="External\Lua\lzio.c" />
    <ClCompile Include="External\MikkTSpace\mikktspace.c" />
    <ClCompile Include="Source\Audio\AudioExampleLevel.cpp" />
    <ClCompile Include="Source\Audio\AudioSystem.cpp" />
    <ClCompile Include="Source\Collision\CollisionExampleLevel.cpp" />
    <ClCompile Include="Source\Collision\CollisionWorld.cpp" />
    <ClCompile Include="Source\ECS\Components\CameraComponent.cpp" />
    <ClCompile Include="Source\ECS\Components\CollisionComponent.cpp" />
    <ClCompile Include="Source\ECS\Components\FlyingMovementComponent.cpp" />
    <ClCompile Include="Source\ECS\Components\FollowComponent.cpp" />
    <ClCompile Include="Source\ECS\Components\HierarchyComponent.cpp" />
    <ClCompile Include="Source\ECS\Components\MeshComponent.cpp" />
    <ClCompile Include="Source\ECS\Components\NameComponent.cpp" />
    <ClCompile Include="Source\ECS\Components\RotateComponent.cpp" />
    <ClCompile Include="Source\ECS\Components\SpriteComponent.cpp" />
    <ClCompile Include="Source\ECS\Components\TransformComponent.cpp" />
    <ClCompile Include="Source\ECS\Components\VelocityComponent.cpp" />
    <ClCompile Include="Source\ECS\SystemComponent\ChunkInfo.cpp" />
    <ClCompile Include="Source\ECS\Systems\LuaSystem.cpp" />
    <ClCompile Include="Source\ECS\Entity.cpp" />
    <ClCompile Include="Source\ECS\Serializer.cpp" />
    <ClCompile Include="Source\ECS\RegionSystem.cpp" />
    <ClCompile Include="Source\Graphics\Buffer.cpp" />
    <ClCompile Include="Source\Graphics\GLTFLoader.cpp" />
    <ClCompile Include="Source\Graphics\Primitive.cpp" />
    <ClCompile Include="Source\Graphics\RenderBatcherSystem.cpp" />
    <ClCompile Include="Source\Graphics\Renderer.cpp" />
    <ClCompile Include="Source\Graphics\Window.cpp" />
    <ClCompile Include="Source\Lua\LuaObjectPointer.cpp" />
    <ClCompile Include="Source\PathFinding\Navmesh.cpp" />
    <ClCompile Include="Source\PathFinding\PathFindingDemoLevel.cpp" />
    <ClCompile Include="Source\World\Region.cpp" />
    <ClCompile Include="Source\World\World.cpp" />
    <ClCompile Include="Source\Engine.cpp" />
    <ClCompile Include="Source\Level.cpp" />
    <ClCompile Include="Source\Model.cpp" />
    <ClCompile Include="Source\Transform.cpp" />
    <ClCompile Include="Source\GameBase.cpp" />
    <ClCompile Include="Source\ECS\Components\LightComponents.cpp" />
    <ClCompile Include="Source\Graphics\RenderInfo.cpp" />
    <ClCompile Include="Source\Debug.cpp" />
    <ClCompile Include="Source\JobSystem\Jobsystem.cpp" />
    <ClCompile Include="Source\JobSystem\PFiber.cpp" />
    <ClCompile Include="Source\EnginePCH.cpp" />
    <ClCompile Include="Source\Lua\LuaInspect.cpp" />
  </ItemGroup>
  <ItemGroup>
    <ClInclude Include="Headers\ECS\Components\FollowComponent.h" />
    <ClInclude Include="Headers\Audio\AudioExampleLevel.h" />
    <ClInclude Include="Headers\Audio\AudioSystem.h" />
    <ClInclude Include="Headers\Collision\CollisionExampleLevel.h" />
    <ClInclude Include="Headers\Collision\CollisionLayerSetup.h" />
    <ClInclude Include="Headers\Collision\CollisionWorld.h" />
    <ClInclude Include="Headers\ECS\Components\CameraComponent.h" />
    <ClInclude Include="Headers\ECS\Components\CollisionComponent.h" />
    <ClInclude Include="Headers\ECS\Components\FlyingMovementComponent.h" />
    <ClInclude Include="Headers\ECS\Components\FollowComponent.h" />
    <ClInclude Include="Headers\ECS\Components\HierarchyComponent.h" />
    <ClInclude Include="Headers\ECS\Components\MeshComponent.h" />
    <ClInclude Include="Headers\ECS\Components\NameComponent.h" />
    <ClInclude Include="Headers\ECS\Components\RotateComponent.h" />
    <ClInclude Include="Headers\ECS\Components\SpriteComponent.h" />
    <ClInclude Include="Headers\ECS\Components\TransformComponent.h" />
    <ClInclude Include="Headers\ECS\Components\VelocityComponent.h" />
    <ClInclude Include="Headers\ECS\SystemComponent\ChunkInfo.h" />
    <ClInclude Include="Headers\ECS\Systems\LuaSystem.h" />
    <ClInclude Include="Headers\ECS\Systems\RenderBatcherSystem.h" />
    <ClInclude Include="Headers\ECS\Component.h" />
    <ClInclude Include="Headers\ECS\Entity.h" />
    <ClInclude Include="Headers\ECS\Serializer.h" />
    <ClInclude Include="Headers\ECS\System.h" />
    <ClInclude Include="Headers\Graphics\Texture\Texture.h" />
    <ClInclude Include="Headers\Graphics\Texture\TextureCreator.h" />
    <ClInclude Include="Headers\Graphics\Texture\TextureDefinitions.h" />
    <ClInclude Include="Headers\Graphics\Buffer.h" />
    <ClInclude Include="Headers\Graphics\ComputeShader.h" />
    <ClInclude Include="Headers\Graphics\GLTFLoader.h" />
    <ClInclude Include="Headers\Graphics\Material.h" />
    <ClInclude Include="Headers\Graphics\Model.h" />
    <ClInclude Include="Headers\Graphics\Primitive.h" />
    <ClInclude Include="Headers\Graphics\Renderer.h" />
    <ClInclude Include="Headers\Graphics\RenderInfo.h" />
    <ClInclude Include="Headers\Graphics\Shader.h" />
    <ClInclude Include="Headers\Lua\LuaEvent.h" />
    <ClInclude Include="Headers\Lua\LuaInspect.h" />
    <ClInclude Include="Headers\Lua\LuaObjectPointer.h" />
    <ClInclude Include="Headers\Lua\LuaObjectTemplate.h" />
    <ClInclude Include="Headers\PathFinding\Navmesh.h" />
    <ClInclude Include="Headers\PathFinding\PathFindingDemoLevel.h" />
    <ClInclude Include="Headers\World\Region.h" />
    <ClInclude Include="Headers\World\World.h" />
    <ClInclude Include="Headers\Engine.h" />
    <ClInclude Include="Headers\GameBase.h" />
    <ClInclude Include="Headers\Level.h" />
    <ClInclude Include="Headers\Timer.h" />
    <ClInclude Include="Headers\Transform.h" />
    <ClInclude Include="External\Lua\lapi.h" />
    <ClInclude Include="External\Lua\lauxlib.h" />
    <ClInclude Include="External\Lua\lcode.h" />
    <ClInclude Include="External\Lua\lctype.h" />
    <ClInclude Include="External\Lua\ldebug.h" />
    <ClInclude Include="External\Lua\ldo.h" />
    <ClInclude Include="External\Lua\lfunc.h" />
    <ClInclude Include="External\Lua\lgc.h" />
    <ClInclude Include="External\Lua\ljumptab.h" />
    <ClInclude Include="External\Lua\llex.h" />
    <ClInclude Include="External\Lua\llimits.h" />
    <ClInclude Include="External\Lua\lmem.h" />
    <ClInclude Include="External\Lua\lobject.h" />
    <ClInclude Include="External\Lua\lopcodes.h" />
    <ClInclude Include="External\Lua\lopnames.h" />
    <ClInclude Include="External\Lua\lparser.h" />
    <ClInclude Include="External\Lua\lprefix.h" />
    <ClInclude Include="External\Lua\lstate.h" />
    <ClInclude Include="External\Lua\lstring.h" />
    <ClInclude Include="External\Lua\ltable.h" />
    <ClInclude Include="External\Lua\ltm.h" />
    <ClInclude Include="External\Lua\lua.h" />
    <ClInclude Include="External\Lua\lua.hpp" />
    <ClInclude Include="External\Lua\luaconf.h" />
    <ClInclude Include="External\Lua\lualib.h" />
    <ClInclude Include="External\Lua\lundump.h" />
    <ClInclude Include="External\Lua\lvm.h" />
    <ClInclude Include="External\Lua\lzio.h" />
    <ClInclude Include="External\MikkTSpace\mikktspace.h" />
    <ClInclude Include="Headers\ECS\Systems\MetaReflectSystem.h" />
    <ClInclude Include="Headers\ECS\Systems\MetaSystemDefines.h" />
    <ClInclude Include="Headers\ECS\Components\LightComponents.h" />
    <ClInclude Include="Headers\Graphics\DebugRenderer.h" />
    <ClInclude Include="Headers\Debug.h" />
    <ClInclude Include="Headers\JobSystem\JobSystem.h" />
    <ClInclude Include="Headers\JobSystem\PFiber.h" />
    <ClInclude Include="Headers\EnginePCH.h" />
    <ClInclude Include="Headers\ECS\Systems\CameraSystem.h" />
    <ClInclude Include="Headers\ECS\Systems\TransformSystem.h" />
    <ClInclude Include="Headers\Networking\Networking.h" />
  </ItemGroup>
</Project>